
Microsoft Visual Studio Solution File, Format Version 12.00
# Visual Studio Version 16
VisualStudioVersion = 16.0.30804.86
MinimumVisualStudioVersion = 10.0.40219.1
Project("{9A19103F-16F7-4668-BE54-9A1E7A4F7556}") = "Battleship", "Battleship\Battleship.csproj", "{AE252721-D725-4AA0-AF5B-63622F5E5B5A}"
EndProject
Project("{9A19103F-16F7-4668-BE54-9A1E7A4F7556}") = "Battleship.Tests", "Battleship.Tests\Battleship.Tests.csproj", "{85A4EB4E-C36C-43CB-984E-43EC18EA0D22}"
EndProject
Project("{9A19103F-16F7-4668-BE54-9A1E7A4F7556}") = "Battleship.Data", "Battleship.Data\Battleship.Data.csproj", "{944AE6E8-3573-40B9-9358-9364AB73B360}"
EndProject
Project("{9A19103F-16F7-4668-BE54-9A1E7A4F7556}") = "Battleship.Logic", "Battleship.Logic\Battleship.Logic.csproj", "{C924967F-8006-469E-8B9F-C8A13ECA2D16}"
EndProject
Project("{FAE04EC0-301F-11D3-BF4B-00C04F79EFBC}") = "Battleship.Console", "Battleship.Console\Battleship.Console.csproj", "{EE5355A5-4448-4EDF-86A7-27878E604F13}"
EndProject
Global
	GlobalSection(SolutionConfigurationPlatforms) = preSolution
		Debug|Any CPU = Debug|Any CPU
		Release|Any CPU = Release|Any CPU
	EndGlobalSection
	GlobalSection(ProjectConfigurationPlatforms) = postSolution
		{AE252721-D725-4AA0-AF5B-63622F5E5B5A}.Debug|Any CPU.ActiveCfg = Debug|Any CPU
		{AE252721-D725-4AA0-AF5B-63622F5E5B5A}.Debug|Any CPU.Build.0 = Debug|Any CPU
		{AE252721-D725-4AA0-AF5B-63622F5E5B5A}.Release|Any CPU.ActiveCfg = Release|Any CPU
		{AE252721-D725-4AA0-AF5B-63622F5E5B5A}.Release|Any CPU.Build.0 = Release|Any CPU
		{85A4EB4E-C36C-43CB-984E-43EC18EA0D22}.Debug|Any CPU.ActiveCfg = Debug|Any CPU
		{85A4EB4E-C36C-43CB-984E-43EC18EA0D22}.Debug|Any CPU.Build.0 = Debug|Any CPU
		{85A4EB4E-C36C-43CB-984E-43EC18EA0D22}.Release|Any CPU.ActiveCfg = Release|Any CPU
		{85A4EB4E-C36C-43CB-984E-43EC18EA0D22}.Release|Any CPU.Build.0 = Release|Any CPU
		{944AE6E8-3573-40B9-9358-9364AB73B360}.Debug|Any CPU.ActiveCfg = Debug|Any CPU
		{944AE6E8-3573-40B9-9358-9364AB73B360}.Debug|Any CPU.Build.0 = Debug|Any CPU
		{944AE6E8-3573-40B9-9358-9364AB73B360}.Release|Any CPU.ActiveCfg = Release|Any CPU
		{944AE6E8-3573-40B9-9358-9364AB73B360}.Release|Any CPU.Build.0 = Release|Any CPU
		{C924967F-8006-469E-8B9F-C8A13ECA2D16}.Debug|Any CPU.ActiveCfg = Debug|Any CPU
		{C924967F-8006-469E-8B9F-C8A13ECA2D16}.Debug|Any CPU.Build.0 = Debug|Any CPU
		{C924967F-8006-469E-8B9F-C8A13ECA2D16}.Release|Any CPU.ActiveCfg = Release|Any CPU
		{C924967F-8006-469E-8B9F-C8A13ECA2D16}.Release|Any CPU.Build.0 = Release|Any CPU
		{EE5355A5-4448-4EDF-86A7-27878E604F13}.Debug|Any CPU.ActiveCfg = Debug|Any CPU
		{EE5355A5-4448-4EDF-86A7-27878E604F13}.Debug|Any CPU.Build.0 = Debug|Any CPU
		{EE5355A5-4448-4EDF-86A7-27878E604F13}.Release|Any CPU.ActiveCfg = Release|Any CPU
		{EE5355A5-4448-4EDF-86A7-27878E604F13}.Release|Any CPU.Build.0 = Release|Any CPU
	EndGlobalSection
	GlobalSection(SolutionProperties) = preSolution
		HideSolutionNode = FALSE
	EndGlobalSection
	GlobalSection(ExtensibilityGlobals) = postSolution
		SolutionGuid = {8DC86F11-B430-4CE8-8A34-02F4CFE402C5}
	EndGlobalSection
EndGlobal
